<?xml version="1.0" encoding="utf-8"?>
<Project ToolsVersion="4.0" xmlns="http://schemas.microsoft.com/developer/msbuild/2003">
  <ItemGroup>
    <Filter Include="Vendor">
      <UniqueIdentifier>{935FDCD7-7F01-07AE-68BC-1A0254FD8DFE}</UniqueIdentifier>
    </Filter>
    <Filter Include="Vendor\imgui-master">
      <UniqueIdentifier>{76B6D858-E217-B666-6B85-FC18D7E5EC25}</UniqueIdentifier>
    </Filter>
    <Filter Include="Vendor\imgui-master\backends">
      <UniqueIdentifier>{60D57919-4C90-69C5-F547-E20FE1E1B355}</UniqueIdentifier>
    </Filter>
    <Filter Include="Vendor\imgui-master\misc">
      <UniqueIdentifier>{11438B41-FD67-DAC1-26B3-BF511237D9DF}</UniqueIdentifier>
    </Filter>
    <Filter Include="Vendor\imgui-master\misc\cpp">
      <UniqueIdentifier>{63DDC3CC-4F98-B378-F84F-2CC3E4E9FD08}</UniqueIdentifier>
    </Filter>
    <Filter Include="Vendor\imgui-master\misc\single_file">
      <UniqueIdentifier>{812D9124-6D14-531C-1665-B939022BCC82}</UniqueIdentifier>
    </Filter>
    <Filter Include="Vendor\include">
      <UniqueIdentifier>{066ACDFF-F237-C105-DBCB-312CC7389D6A}</UniqueIdentifier>
    </Filter>
    <Filter Include="Vendor\src">
      <UniqueIdentifier>{2AAF7327-1667-B574-7F6E-8ED06B455065}</UniqueIdentifier>
    </Filter>
    <Filter Include="include">
      <UniqueIdentifier>{89AF369E-F58E-B539-FEA6-40106A051C9B}</UniqueIdentifier>
    </Filter>
    <Filter Include="src">
      <UniqueIdentifier>{2DAB880B-99B4-887C-2230-9F7C8E38947C}</UniqueIdentifier>
    </Filter>
  </ItemGroup>
  <ItemGroup>
    <ClInclude Include="Vendor\imgui-master\backends\imgui_impl_opengl3.h">
      <Filter>Vendor\imgui-master\backends</Filter>
    </ClInclude>
    <ClInclude Include="Vendor\imgui-master\backends\imgui_impl_sdl.h">
      <Filter>Vendor\imgui-master\backends</Filter>
    </ClInclude>
    <ClInclude Include="Vendor\imgui-master\imconfig.h">
      <Filter>Vendor\imgui-master</Filter>
    </ClInclude>
    <ClInclude Include="Vendor\imgui-master\imgui.h">
      <Filter>Vendor\imgui-master</Filter>
    </ClInclude>
    <ClInclude Include="Vendor\imgui-master\imgui_internal.h">
      <Filter>Vendor\imgui-master</Filter>
    </ClInclude>
    <ClInclude Include="Vendor\imgui-master\imstb_rectpack.h">
      <Filter>Vendor\imgui-master</Filter>
    </ClInclude>
    <ClInclude Include="Vendor\imgui-master\imstb_textedit.h">
      <Filter>Vendor\imgui-master</Filter>
    </ClInclude>
    <ClInclude Include="Vendor\imgui-master\imstb_truetype.h">
      <Filter>Vendor\imgui-master</Filter>
    </ClInclude>
    <ClInclude Include="Vendor\imgui-master\misc\cpp\imgui_stdlib.h">
      <Filter>Vendor\imgui-master\misc\cpp</Filter>
    </ClInclude>
    <ClInclude Include="Vendor\imgui-master\misc\single_file\imgui_single_file.h">
      <Filter>Vendor\imgui-master\misc\single_file</Filter>
    </ClInclude>
    <ClInclude Include="Vendor\include\stb_image.h">
      <Filter>Vendor\include</Filter>
    </ClInclude>
    <ClInclude Include="Vendor\include\tiny_obj_loader.h">
      <Filter>Vendor\include</Filter>
    </ClInclude>
    <ClInclude Include="include\Animation.hpp">
      <Filter>include</Filter>
    </ClInclude>
    <ClInclude Include="include\Animator.hpp">
      <Filter>include</Filter>
    </ClInclude>
    <ClInclude Include="include\AudioManager.hpp">
      <Filter>include</Filter>
    </ClInclude>
    <ClInclude Include="include\Camera3D.hpp">
      <Filter>include</Filter>
    </ClInclude>
    <ClInclude Include="include\Collider.hpp">
      <Filter>include</Filter>
    </ClInclude>
    <ClInclude Include="include\Component.hpp">
      <Filter>include</Filter>
    </ClInclude>
    <ClInclude Include="include\DirectionalLight.hpp">
      <Filter>include</Filter>
    </ClInclude>
    <ClInclude Include="include\ECS.hpp">
      <Filter>include</Filter>
    </ClInclude>
    <ClInclude Include="include\EditorUtils.hpp">
      <Filter>include</Filter>
    </ClInclude>
    <ClInclude Include="include\Engine.hpp">
      <Filter>include</Filter>
    </ClInclude>
    <ClInclude Include="include\Entity.hpp">
      <Filter>include</Filter>
    </ClInclude>
    <ClInclude Include="include\EntityGenerator.hpp">
      <Filter>include</Filter>
    </ClInclude>
    <ClInclude Include="include\EntityManagementSystemModule.hpp">
      <Filter>include</Filter>
    </ClInclude>
    <ClInclude Include="include\FrameRateCounterModule.hpp">
      <Filter>include</Filter>
    </ClInclude>
    <ClInclude Include="include\FrameRateRegulatorModule.hpp">
      <Filter>include</Filter>
    </ClInclude>
    <ClInclude Include="include\GizmoLayer.hpp">
      <Filter>include</Filter>
    </ClInclude>
    <ClInclude Include="include\GlAssert.hpp">
      <Filter>include</Filter>
    </ClInclude>
    <ClInclude Include="include\Graphics.hpp">
      <Filter>include</Filter>
    </ClInclude>
    <ClInclude Include="include\InputModule.hpp">
      <Filter>include</Filter>
    </ClInclude>
    <ClInclude Include="include\Logger.hpp">
      <Filter>include</Filter>
    </ClInclude>
    <ClInclude Include="include\Mat.hpp">
      <Filter>include</Filter>
    </ClInclude>
    <ClInclude Include="include\Material.hpp">
      <Filter>include</Filter>
    </ClInclude>
    <ClInclude Include="include\Math.hpp">
      <Filter>include</Filter>
    </ClInclude>
    <ClInclude Include="include\Mesh.hpp">
      <Filter>include</Filter>
    </ClInclude>
    <ClInclude Include="include\Module.hpp">
      <Filter>include</Filter>
    </ClInclude>
    <ClInclude Include="include\NetworkManager.hpp">
      <Filter>include</Filter>
    </ClInclude>
    <ClInclude Include="include\PhysicsModule.hpp">
      <Filter>include</Filter>
    </ClInclude>
    <ClInclude Include="include\Platform.hpp">
      <Filter>include</Filter>
    </ClInclude>
    <ClInclude Include="include\PlatformDefines.hpp">
      <Filter>include</Filter>
    </ClInclude>
    <ClInclude Include="include\RenderLayer.hpp">
      <Filter>include</Filter>
    </ClInclude>
    <ClInclude Include="include\RendererOpenGL2D.hpp">
      <Filter>include</Filter>
    </ClInclude>
    <ClInclude Include="include\SceneManager.hpp">
      <Filter>include</Filter>
    </ClInclude>
    <ClInclude Include="include\Script.hpp">
      <Filter>include</Filter>
    </ClInclude>
    <ClInclude Include="include\ScriptComponent.hpp">
      <Filter>include</Filter>
    </ClInclude>
    <ClInclude Include="include\Serializable.hpp">
      <Filter>include</Filter>
    </ClInclude>
    <ClInclude Include="include\ShapesLayer.hpp">
      <Filter>include</Filter>
    </ClInclude>
    <ClInclude Include="include\Sprite.hpp">
      <Filter>include</Filter>
    </ClInclude>
    <ClInclude Include="include\SpriteLayer.hpp">
      <Filter>include</Filter>
    </ClInclude>
    <ClInclude Include="include\Texture.hpp">
      <Filter>include</Filter>
    </ClInclude>
    <ClInclude Include="include\TimeModule.hpp">
      <Filter>include</Filter>
    </ClInclude>
    <ClInclude Include="include\Transform.hpp">
      <Filter>include</Filter>
    </ClInclude>
    <ClInclude Include="include\Transform3D.hpp">
      <Filter>include</Filter>
    </ClInclude>
    <ClInclude Include="include\Types.hpp">
      <Filter>include</Filter>
    </ClInclude>
    <ClInclude Include="include\Utils.hpp">
      <Filter>include</Filter>
    </ClInclude>
    <ClInclude Include="include\Vec.hpp">
      <Filter>include</Filter>
    </ClInclude>
    <ClInclude Include="include\Vector2.hpp">
      <Filter>include</Filter>
    </ClInclude>
    <ClInclude Include="include\Vector3.hpp">
      <Filter>include</Filter>
    </ClInclude>
    <ClInclude Include="include\Vertex.hpp">
      <Filter>include</Filter>
    </ClInclude>
    <ClInclude Include="include\Constants.hpp">
      <Filter>include</Filter>
    </ClInclude>
    <ClInclude Include="include\Rigidbody2D.hpp">
      <Filter>include</Filter>
    </ClInclude>
    <ClInclude Include="include\ComponentSystem.hpp">
      <Filter>include</Filter>
    </ClInclude>
    <ClInclude Include="include\EditorLayer.hpp">
      <Filter>include</Filter>
    </ClInclude>
    <ClInclude Include="include\ImGuiConfiguration.hpp">
      <Filter>include</Filter>
    </ClInclude>
    <ClInclude Include="Vendor\include\stb_image_resize.h">
      <Filter>Vendor\include</Filter>
    </ClInclude>
  </ItemGroup>
  <ItemGroup>
    <ClCompile Include="Vendor\imgui-master\backends\imgui_impl_opengl3.cpp">
      <Filter>Vendor\imgui-master\backends</Filter>
    </ClCompile>
    <ClCompile Include="Vendor\imgui-master\backends\imgui_impl_sdl.cpp">
      <Filter>Vendor\imgui-master\backends</Filter>
    </ClCompile>
    <ClCompile Include="Vendor\imgui-master\imgui.cpp">
      <Filter>Vendor\imgui-master</Filter>
    </ClCompile>
    <ClCompile Include="Vendor\imgui-master\imgui_demo.cpp">
      <Filter>Vendor\imgui-master</Filter>
    </ClCompile>
    <ClCompile Include="Vendor\imgui-master\imgui_draw.cpp">
      <Filter>Vendor\imgui-master</Filter>
    </ClCompile>
    <ClCompile Include="Vendor\imgui-master\imgui_tables.cpp">
      <Filter>Vendor\imgui-master</Filter>
    </ClCompile>
    <ClCompile Include="Vendor\imgui-master\imgui_widgets.cpp">
      <Filter>Vendor\imgui-master</Filter>
    </ClCompile>
    <ClCompile Include="Vendor\imgui-master\misc\cpp\imgui_stdlib.cpp">
      <Filter>Vendor\imgui-master\misc\cpp</Filter>
    </ClCompile>
    <ClCompile Include="Vendor\src\stb_image.cpp">
      <Filter>Vendor\src</Filter>
    </ClCompile>
    <ClCompile Include="Vendor\src\tiny_obj_loader.cpp">
      <Filter>Vendor\src</Filter>
    </ClCompile>
    <ClCompile Include="src\Animation.cpp">
      <Filter>src</Filter>
    </ClCompile>
    <ClCompile Include="src\Animator.cpp">
      <Filter>src</Filter>
    </ClCompile>
    <ClCompile Include="src\AudioManager.cpp">
      <Filter>src</Filter>
    </ClCompile>
    <ClCompile Include="src\Camera3D.cpp">
      <Filter>src</Filter>
    </ClCompile>
    <ClCompile Include="src\Collider.cpp">
      <Filter>src</Filter>
    </ClCompile>
    <ClCompile Include="src\Component.cpp">
      <Filter>src</Filter>
    </ClCompile>
    <ClCompile Include="src\DirectionalLight.cpp">
      <Filter>src</Filter>
    </ClCompile>
    <ClCompile Include="src\ECS.cpp">
      <Filter>src</Filter>
    </ClCompile>
    <ClCompile Include="src\EditorUtils.cpp">
      <Filter>src</Filter>
    </ClCompile>
    <ClCompile Include="src\Engine.cpp">
      <Filter>src</Filter>
    </ClCompile>
    <ClCompile Include="src\Entity.cpp">
      <Filter>src</Filter>
    </ClCompile>
    <ClCompile Include="src\EntityGenerator.cpp">
      <Filter>src</Filter>
    </ClCompile>
    <ClCompile Include="src\EntityManagementSystemModule.cpp">
      <Filter>src</Filter>
    </ClCompile>
    <ClCompile Include="src\FrameRateCounterModule.cpp">
      <Filter>src</Filter>
    </ClCompile>
    <ClCompile Include="src\FrameRateRegulatorModule.cpp">
      <Filter>src</Filter>
    </ClCompile>
    <ClCompile Include="src\GizmoLayer.cpp">
      <Filter>src</Filter>
    </ClCompile>
    <ClCompile Include="src\GlAssert.cpp">
      <Filter>src</Filter>
    </ClCompile>
    <ClCompile Include="src\Graphics.cpp">
      <Filter>src</Filter>
    </ClCompile>
    <ClCompile Include="src\InputModule.cpp">
      <Filter>src</Filter>
    </ClCompile>
    <ClCompile Include="src\Logger.cpp">
      <Filter>src</Filter>
    </ClCompile>
    <ClCompile Include="src\Material.cpp">
      <Filter>src</Filter>
    </ClCompile>
    <ClCompile Include="src\Mesh.cpp">
      <Filter>src</Filter>
    </ClCompile>
    <ClCompile Include="src\Module.cpp">
      <Filter>src</Filter>
    </ClCompile>
    <ClCompile Include="src\NetworkManager.cpp">
      <Filter>src</Filter>
    </ClCompile>
    <ClCompile Include="src\PhysicsModule.cpp">
      <Filter>src</Filter>
    </ClCompile>
    <ClCompile Include="src\RenderLayer.cpp">
      <Filter>src</Filter>
    </ClCompile>
    <ClCompile Include="src\RendererOpenGL2D.cpp">
      <Filter>src</Filter>
    </ClCompile>
    <ClCompile Include="src\SceneManager.cpp">
      <Filter>src</Filter>
    </ClCompile>
    <ClCompile Include="src\ScriptComponent.cpp">
      <Filter>src</Filter>
    </ClCompile>
    <ClCompile Include="src\Serializable.cpp">
      <Filter>src</Filter>
    </ClCompile>
    <ClCompile Include="src\ShapesLayer.cpp">
      <Filter>src</Filter>
    </ClCompile>
    <ClCompile Include="src\Sprite.cpp">
      <Filter>src</Filter>
    </ClCompile>
    <ClCompile Include="src\SpriteLayer.cpp">
      <Filter>src</Filter>
    </ClCompile>
    <ClCompile Include="src\Texture.cpp">
      <Filter>src</Filter>
    </ClCompile>
    <ClCompile Include="src\TimeModule.cpp">
      <Filter>src</Filter>
    </ClCompile>
    <ClCompile Include="src\Transform.cpp">
      <Filter>src</Filter>
    </ClCompile>
    <ClCompile Include="src\Transform3D.cpp">
      <Filter>src</Filter>
    </ClCompile>
    <ClCompile Include="src\Utils.cpp">
      <Filter>src</Filter>
    </ClCompile>
    <ClCompile Include="src\Vertex.cpp">
      <Filter>src</Filter>
    </ClCompile>
    <ClCompile Include="src\Script.cpp">
      <Filter>src</Filter>
    </ClCompile>
    <ClCompile Include="src\Rigidbody2D.cpp">
      <Filter>src</Filter>
    </ClCompile>
    <ClCompile Include="src\EditorLayer.cpp">
      <Filter>src</Filter>
    </ClCompile>
    <ClCompile Include="src\ImGuiConfiguration.cpp">
      <Filter>src</Filter>
    </ClCompile>
  </ItemGroup>
</Project>