<?xml version="1.0" encoding="utf-8"?>
<Project ToolsVersion="4.0" xmlns="http://schemas.microsoft.com/developer/msbuild/2003">
  <ItemGroup>
    <Filter Include="include">
      <UniqueIdentifier>{89AF369E-F58E-B539-FEA6-40106A051C9B}</UniqueIdentifier>
    </Filter>
    <Filter Include="include\Scripts">
      <UniqueIdentifier>{C00F7F20-2C9B-ECE4-35AC-6FD9A1B648E5}</UniqueIdentifier>
    </Filter>
    <Filter Include="src">
      <UniqueIdentifier>{2DAB880B-99B4-887C-2230-9F7C8E38947C}</UniqueIdentifier>
    </Filter>
    <Filter Include="src\Scripts">
      <UniqueIdentifier>{646F54F1-D024-CDE6-5919-C7BDC5CDC3EA}</UniqueIdentifier>
    </Filter>
  </ItemGroup>
  <ItemGroup>
    <ClInclude Include="include\EngineMain.hpp">
      <Filter>include</Filter>
    </ClInclude>
    <ClInclude Include="include\Game.hpp">
      <Filter>include</Filter>
    </ClInclude>
    <ClInclude Include="include\Scripts\FooScript.hpp">
      <Filter>include\Scripts</Filter>
    </ClInclude>
    <ClInclude Include="include\Scripts\TestScript.hpp">
      <Filter>include\Scripts</Filter>
    </ClInclude>
    <ClInclude Include="include\ScriptGenerator.hpp" />
  </ItemGroup>
  <ItemGroup>
    <ClCompile Include="src\EngineMaine.cpp">
      <Filter>src</Filter>
    </ClCompile>
    <ClCompile Include="src\Game.cpp">
      <Filter>src</Filter>
    </ClCompile>
    <ClCompile Include="src\ScriptGenerator.cpp">
      <Filter>src</Filter>
    </ClCompile>
    <ClCompile Include="src\Scripts\FooScript.cpp">
      <Filter>src\Scripts</Filter>
    </ClCompile>
    <ClCompile Include="src\Scripts\TestScript.cpp">
      <Filter>src\Scripts</Filter>
    </ClCompile>
    <ClCompile Include="src\main.cpp">
      <Filter>src</Filter>
    </ClCompile>
  </ItemGroup>
  <ItemGroup>
    <Image Include="res\texture\color_circle.png" />
  </ItemGroup>
</Project>